lockfileVersion: "9.0"

settings:
  autoInstallPeers: true
  excludeLinksFromLockfile: false

importers:
  .:
    dependencies:
      cors-anywhere:
        specifier: ^0.4.4
        version: 0.4.4
      pac-proxy-agent:
        specifier: ^7.0.1
        version: 7.0.2

packages:
  "@tootallnate/quickjs-emscripten@0.23.0":
    resolution:
      { integrity: sha512-C5Mc6rdnsaJDjO3UpGW/CQTHtCKaYlScZTly4JIu97Jxo/odCiH0ITnDXSJPTOrEKk/ycSZ0AOgTmkDtkOsvIA== }

  agent-base@7.1.1:
    resolution:
      { integrity: sha512-H0TSyFNDMomMNJQBn8wFV5YC/2eJ+VXECwOadZJT554xP6cODZHPX3H9QMQECxvrgiSOP1pHjy1sMWQVYJOUOA== }
    engines: { node: ">= 14" }

  ast-types@0.13.4:
    resolution:
      { integrity: sha512-x1FCFnFifvYDDzTaLII71vG5uvDwgtmDTEVWAxrgeiR8VjMONcCXJx7E+USjDtHlwFmt9MysbqgF9b9Vjr6w+w== }
    engines: { node: ">=4" }

  basic-ftp@5.0.5:
    resolution:
      { integrity: sha512-4Bcg1P8xhUuqcii/S0Z9wiHIrQVPMermM1any+MX5GeGD7faD3/msQUDGLol9wOcz4/jbg/WJnGqoJF6LiBdtg== }
    engines: { node: ">=10.0.0" }

  cors-anywhere@0.4.4:
    resolution:
      { integrity: sha512-8OBFwnzMgR4mNrAeAyOLB2EruS2z7u02of2bOu7i9kKYlZG+niS7CTHLPgEXKWW2NAOJWRry9RRCaL9lJRjNqg== }
    engines: { node: ">=0.10.0" }

  data-uri-to-buffer@6.0.2:
    resolution:
      { integrity: sha512-7hvf7/GW8e86rW0ptuwS3OcBGDjIi6SZva7hCyWC0yYry2cOPmLIjXAUHI6DK2HsnwJd9ifmt57i8eV2n4YNpw== }
    engines: { node: ">= 14" }

  debug@4.3.7:
    resolution:
      { integrity: sha512-Er2nc/H7RrMXZBFCEim6TCmMk02Z8vLC2Rbi1KEBggpo0fS6l0S1nnapwmIi3yW/+GOJap1Krg4w0Hg80oCqgQ== }
    engines: { node: ">=6.0" }
    peerDependencies:
      supports-color: "*"
    peerDependenciesMeta:
      supports-color:
        optional: true

  degenerator@5.0.1:
    resolution:
      { integrity: sha512-TllpMR/t0M5sqCXfj85i4XaAzxmS5tVA16dqvdkMwGmzI+dXLXnw3J+3Vdv7VKw+ThlTMboK6i9rnZ6Nntj5CQ== }
    engines: { node: ">= 14" }

  escodegen@2.1.0:
    resolution:
      { integrity: sha512-2NlIDTwUWJN0mRPQOdtQBzbUHvdGY2P1VXSyU83Q3xKxM7WHX2Ql8dKq782Q9TgQUNOLEzEYu9bzLNj1q88I5w== }
    engines: { node: ">=6.0" }
    hasBin: true

  esprima@4.0.1:
    resolution:
      { integrity: sha512-eGuFFw7Upda+g4p+QHvnW0RyTX/SVeJBDM/gCtMARO0cLuT2HcEKnTPvhjV6aGeqrCB/sbNop0Kszm0jsaWU4A== }
    engines: { node: ">=4" }
    hasBin: true

  estraverse@5.3.0:
    resolution:
      { integrity: sha512-MMdARuVEQziNTeJD8DgMqmhwR11BRQ/cBP+pLtYdSTnf3MIO8fFeiINEbX36ZdNlfU/7A9f3gUw49B3oQsvwBA== }
    engines: { node: ">=4.0" }

  esutils@2.0.3:
    resolution:
      { integrity: sha512-kVscqXk4OCp68SZ0dkgEKVi6/8ij300KBWTJq32P/dYeWTSwK41WyTxalN1eRmA5Z9UU/LX9D7FWSmV9SAYx6g== }
    engines: { node: ">=0.10.0" }

  eventemitter3@1.2.0:
    resolution:
      { integrity: sha512-DOFqA1MF46fmZl2xtzXR3MPCRsXqgoFqdXcrCVYM3JNnfUeHTm/fh/v/iU7gBFpwkuBmoJPAm5GuhdDfSEJMJA== }

  fs-extra@11.2.0:
    resolution:
      { integrity: sha512-PmDi3uwK5nFuXh7XDTlVnS17xJS7vW36is2+w3xcv8SVxiB4NyATf4ctkVY5bkSjX0Y4nbvZCq1/EjtEyr9ktw== }
    engines: { node: ">=14.14" }

  get-uri@6.0.3:
    resolution:
      { integrity: sha512-BzUrJBS9EcUb4cFol8r4W3v1cPsSyajLSthNkz5BxbpDcHN5tIrM10E2eNvfnvBn3DaT3DUgx0OpsBKkaOpanw== }
    engines: { node: ">= 14" }

  graceful-fs@4.2.11:
    resolution:
      { integrity: sha512-RbJ5/jmFcNNCcDV5o9eTnBLJ/HszWV0P73bc+Ff4nS/rJj+YaS6IGyiOL0VoBYX+l1Wrl3k63h/KrH+nhJ0XvQ== }

  http-proxy-agent@7.0.2:
    resolution:
      { integrity: sha512-T1gkAiYYDWYx3V5Bmyu7HcfcvL7mUrTWiM6yOfa3PIphViJ/gFPbvidQ+veqSOHci/PxBcDabeUNCzpOODJZig== }
    engines: { node: ">= 14" }

  http-proxy@1.11.1:
    resolution:
      { integrity: sha512-qz7jZarkVG3G6GMq+4VRJPSN4NkIjL4VMTNhKGd8jc25BumeJjWWvnY3A7OkCGa8W1TTxbaK3dcE0ijFalITVA== }
    engines: { node: ">=0.10.0" }

  https-proxy-agent@7.0.5:
    resolution:
      { integrity: sha512-1e4Wqeblerz+tMKPIq2EMGiiWW1dIjZOksyHWSUm1rmuvw/how9hBHZ38lAGj5ID4Ik6EdkOw7NmWPy6LAwalw== }
    engines: { node: ">= 14" }

  ip-address@9.0.5:
    resolution:
      { integrity: sha512-zHtQzGojZXTwZTHQqra+ETKd4Sn3vgi7uBmlPoXVWZqYvuKmtI0l/VZTjqGmJY9x88GGOaZ9+G9ES8hC4T4X8g== }
    engines: { node: ">= 12" }

  jsbn@1.1.0:
    resolution:
      { integrity: sha512-4bYVV3aAMtDTTu4+xsDYa6sy9GyJ69/amsu9sYF2zqjiEoZA5xJi3BrfX3uY+/IekIu7MwdObdbDWpoZdBv3/A== }

  jsonfile@6.1.0:
    resolution:
      { integrity: sha512-5dgndWOriYSm5cnYaJNhalLNDKOqFwyDB/rr1E9ZsGciGvKPs8R2xYGCacuf3z6K1YKDz182fd+fY3cn3pMqXQ== }

  ms@2.1.3:
    resolution:
      { integrity: sha512-6FlzubTLZG3J2a/NVCAleEhjzq5oxgHyaCU9yYXvcLsvoVaHJq/s5xXI6/XXP6tz7R9xAOtHnSO/tXtF3WRTlA== }

  netmask@2.0.2:
    resolution:
      { integrity: sha512-dBpDMdxv9Irdq66304OLfEmQ9tbNRFnFTuZiLo+bD+r332bBmMJ8GBLXklIXXgxd3+v9+KUnZaUR5PJMa75Gsg== }
    engines: { node: ">= 0.4.0" }

  pac-proxy-agent@7.0.2:
    resolution:
      { integrity: sha512-BFi3vZnO9X5Qt6NRz7ZOaPja3ic0PhlsmCRYLOpN11+mWBCR6XJDqW5RF3j8jm4WGGQZtBA+bTfxYzeKW73eHg== }
    engines: { node: ">= 14" }

  pac-resolver@7.0.1:
    resolution:
      { integrity: sha512-5NPgf87AT2STgwa2ntRMr45jTKrYBGkVU36yT0ig/n/GMAa3oPqhZfIQ2kMEimReg0+t9kZViDVZ83qfVUlckg== }
    engines: { node: ">= 14" }

  proxy-from-env@0.0.1:
    resolution:
      { integrity: sha512-B9Hnta3CATuMS0q6kt5hEezOPM+V3dgaRewkFtFoaRQYTVNsHqUvFXmndH06z3QO1ZdDnRELv5vfY6zAj/gG7A== }

  requires-port@0.0.1:
    resolution:
      { integrity: sha512-AzPDCliPoWDSvEVYRQmpzuPhGGEnPrQz9YiOEvn+UdB9ixBpw+4IOZWtwctmpzySLZTy7ynpn47V14H4yaowtA== }

  smart-buffer@4.2.0:
    resolution:
      { integrity: sha512-94hK0Hh8rPqQl2xXc3HsaBoOXKV20MToPkcXvwbISWLEs+64sBq5kFgn2kJDHb1Pry9yrP0dxrCI9RRci7RXKg== }
    engines: { node: ">= 6.0.0", npm: ">= 3.0.0" }

  socks-proxy-agent@8.0.4:
    resolution:
      { integrity: sha512-GNAq/eg8Udq2x0eNiFkr9gRg5bA7PXEWagQdeRX4cPSG+X/8V38v637gim9bjFptMk1QWsCTr0ttrJEiXbNnRw== }
    engines: { node: ">= 14" }

  socks@2.8.3:
    resolution:
      { integrity: sha512-l5x7VUUWbjVFbafGLxPWkYsHIhEvmF85tbIeFZWc8ZPtoMyybuEhL7Jye/ooC4/d48FgOjSJXgsF/AJPYCW8Zw== }
    engines: { node: ">= 10.0.0", npm: ">= 3.0.0" }

  source-map@0.6.1:
    resolution:
      { integrity: sha512-UjgapumWlbMhkBgzT7Ykc5YXUT46F0iKu8SGXq0bcwP5dz/h0Plj6enJqjz1Zbq2l5WaqYnrVbwWOWMyF3F47g== }
    engines: { node: ">=0.10.0" }

  sprintf-js@1.1.3:
    resolution:
      { integrity: sha512-Oo+0REFV59/rz3gfJNKQiBlwfHaSESl1pcGyABQsnnIfWOFt6JNj5gCog2U6MLZ//IGYD+nA8nI+mTShREReaA== }

  tslib@2.7.0:
    resolution:
      { integrity: sha512-gLXCKdN1/j47AiHiOkJN69hJmcbGTHI0ImLmbYLHykhgeN0jVGola9yVjFgzCUklsZQMW55o+dW7IXv3RCXDzA== }

  universalify@2.0.1:
    resolution:
      { integrity: sha512-gptHNQghINnc/vTGIk0SOFGFNXw7JVrlRUtConJRlvaw6DuX0wO5Jeko9sWrMBhh+PsYAZ7oXAiOnf/UKogyiw== }
    engines: { node: ">= 10.0.0" }

snapshots:
  "@tootallnate/quickjs-emscripten@0.23.0": {}

  agent-base@7.1.1:
    dependencies:
      debug: 4.3.7
    transitivePeerDependencies:
      - supports-color

  ast-types@0.13.4:
    dependencies:
      tslib: 2.7.0

  basic-ftp@5.0.5: {}

  cors-anywhere@0.4.4:
    dependencies:
      http-proxy: 1.11.1
      proxy-from-env: 0.0.1

  data-uri-to-buffer@6.0.2: {}

  debug@4.3.7:
    dependencies:
      ms: 2.1.3

  degenerator@5.0.1:
    dependencies:
      ast-types: 0.13.4
      escodegen: 2.1.0
      esprima: 4.0.1

  escodegen@2.1.0:
    dependencies:
      esprima: 4.0.1
      estraverse: 5.3.0
      esutils: 2.0.3
    optionalDependencies:
      source-map: 0.6.1

  esprima@4.0.1: {}

  estraverse@5.3.0: {}

  esutils@2.0.3: {}

  eventemitter3@1.2.0: {}

  fs-extra@11.2.0:
    dependencies:
      graceful-fs: 4.2.11
      jsonfile: 6.1.0
      universalify: 2.0.1

  get-uri@6.0.3:
    dependencies:
      basic-ftp: 5.0.5
      data-uri-to-buffer: 6.0.2
      debug: 4.3.7
      fs-extra: 11.2.0
    transitivePeerDependencies:
      - supports-color

  graceful-fs@4.2.11: {}

  http-proxy-agent@7.0.2:
    dependencies:
      agent-base: 7.1.1
      debug: 4.3.7
    transitivePeerDependencies:
      - supports-color

  http-proxy@1.11.1:
    dependencies:
      eventemitter3: 1.2.0
      requires-port: 0.0.1

  https-proxy-agent@7.0.5:
    dependencies:
      agent-base: 7.1.1
      debug: 4.3.7
    transitivePeerDependencies:
      - supports-color

  ip-address@9.0.5:
    dependencies:
      jsbn: 1.1.0
      sprintf-js: 1.1.3

  jsbn@1.1.0: {}

  jsonfile@6.1.0:
    dependencies:
      universalify: 2.0.1
    optionalDependencies:
      graceful-fs: 4.2.11

  ms@2.1.3: {}

  netmask@2.0.2: {}

  pac-proxy-agent@7.0.2:
    dependencies:
      "@tootallnate/quickjs-emscripten": 0.23.0
      agent-base: 7.1.1
      debug: 4.3.7
      get-uri: 6.0.3
      http-proxy-agent: 7.0.2
      https-proxy-agent: 7.0.5
      pac-resolver: 7.0.1
      socks-proxy-agent: 8.0.4
    transitivePeerDependencies:
      - supports-color

  pac-resolver@7.0.1:
    dependencies:
      degenerator: 5.0.1
      netmask: 2.0.2

  proxy-from-env@0.0.1: {}

  requires-port@0.0.1: {}

  smart-buffer@4.2.0: {}

  socks-proxy-agent@8.0.4:
    dependencies:
      agent-base: 7.1.1
      debug: 4.3.7
      socks: 2.8.3
    transitivePeerDependencies:
      - supports-color

  socks@2.8.3:
    dependencies:
      ip-address: 9.0.5
      smart-buffer: 4.2.0

  source-map@0.6.1:
    optional: true

  sprintf-js@1.1.3: {}

  tslib@2.7.0: {}

  universalify@2.0.1: {}
